
Microsoft Visual Studio Solution File, Format Version 12.00
# Visual Studio 14
VisualStudioVersion = 14.0.24720.0
MinimumVisualStudioVersion = 10.0.40219.1
Project("{FAE04EC0-301F-11D3-BF4B-00C04F79EFBC}") = "RemoteControlServer", "RemoteControlServer\RemoteControlServer.csproj", "{C64AF615-E3C2-46D3-9130-2CFEC8B0936D}"
EndProject
Project("{F088123C-0E9E-452A-89E6-6BA2F21D5CAC}") = "Modeling", "Modeling\Modeling.modelproj", "{EBB25D0D-4411-4D85-AA05-0F55E8B64644}"
EndProject
Project("{FAE04EC0-301F-11D3-BF4B-00C04F79EFBC}") = "ModelingLib", "ModelingLib\ModelingLib.csproj", "{4F9840A7-C7DD-42F0-8A0E-B8D8637EA463}"
EndProject
Project("{FAE04EC0-301F-11D3-BF4B-00C04F79EFBC}") = "UnitTest", "UnitTest\UnitTest.csproj", "{D5690B13-A40B-4C49-B16E-A7EBA10BFDD6}"
EndProject
Global
	GlobalSection(SolutionConfigurationPlatforms) = preSolution
		Debug|Any CPU = Debug|Any CPU
		Release|Any CPU = Release|Any CPU
	EndGlobalSection
	GlobalSection(ProjectConfigurationPlatforms) = postSolution
		{C64AF615-E3C2-46D3-9130-2CFEC8B0936D}.Debug|Any CPU.ActiveCfg = Debug|Any CPU
		{C64AF615-E3C2-46D3-9130-2CFEC8B0936D}.Debug|Any CPU.Build.0 = Debug|Any CPU
		{C64AF615-E3C2-46D3-9130-2CFEC8B0936D}.Release|Any CPU.ActiveCfg = Release|Any CPU
		{C64AF615-E3C2-46D3-9130-2CFEC8B0936D}.Release|Any CPU.Build.0 = Release|Any CPU
		{EBB25D0D-4411-4D85-AA05-0F55E8B64644}.Debug|Any CPU.ActiveCfg = Debug|Any CPU
		{EBB25D0D-4411-4D85-AA05-0F55E8B64644}.Debug|Any CPU.Build.0 = Debug|Any CPU
		{EBB25D0D-4411-4D85-AA05-0F55E8B64644}.Release|Any CPU.ActiveCfg = Release|Any CPU
		{EBB25D0D-4411-4D85-AA05-0F55E8B64644}.Release|Any CPU.Build.0 = Release|Any CPU
		{4F9840A7-C7DD-42F0-8A0E-B8D8637EA463}.Debug|Any CPU.ActiveCfg = Debug|Any CPU
		{4F9840A7-C7DD-42F0-8A0E-B8D8637EA463}.Debug|Any CPU.Build.0 = Debug|Any CPU
		{4F9840A7-C7DD-42F0-8A0E-B8D8637EA463}.Release|Any CPU.ActiveCfg = Release|Any CPU
		{4F9840A7-C7DD-42F0-8A0E-B8D8637EA463}.Release|Any CPU.Build.0 = Release|Any CPU
		{D5690B13-A40B-4C49-B16E-A7EBA10BFDD6}.Debug|Any CPU.ActiveCfg = Debug|Any CPU
		{D5690B13-A40B-4C49-B16E-A7EBA10BFDD6}.Debug|Any CPU.Build.0 = Debug|Any CPU
		{D5690B13-A40B-4C49-B16E-A7EBA10BFDD6}.Release|Any CPU.ActiveCfg = Release|Any CPU
		{D5690B13-A40B-4C49-B16E-A7EBA10BFDD6}.Release|Any CPU.Build.0 = Release|Any CPU
	EndGlobalSection
	GlobalSection(SolutionProperties) = preSolution
		HideSolutionNode = FALSE
	EndGlobalSection
EndGlobal
